PODS:
  - FBSnapshotTestCase (2.1.4):
    - FBSnapshotTestCase/SwiftSupport (= 2.1.4)
  - FBSnapshotTestCase/Core (2.1.4)
  - FBSnapshotTestCase/SwiftSupport (2.1.4):
    - FBSnapshotTestCase/Core
  - ReachabilitySwift (5.0.0)
  - SFNetworkMonitor (0.1.1):
    - ReachabilitySwift

DEPENDENCIES:
  - FBSnapshotTestCase (~> 2.1.4)
  - SFNetworkMonitor (from `../`)

SPEC REPOS:
  trunk:
    - FBSnapshotTestCase
    - ReachabilitySwift

EXTERNAL SOURCES:
  SFNetworkMonitor:
    :path: "../"

SPEC CHECKSUMS:
  FBSnapshotTestCase: 094f9f314decbabe373b87cc339bea235a63e07a
  ReachabilitySwift: 985039c6f7b23a1da463388634119492ff86c825
  SFNetworkMonitor: 0a98973c4f497d52eff262475af1ff388129aedb

PODFILE CHECKSUM: 6a9000d904193d0cd70557e32dc9c121539c43ba

COCOAPODS: 1.13.0
